
Microsoft Visual Studio Solution File, Format Version 12.00
# Visual Studio Version 17
VisualStudioVersion = 17.5.002.0
MinimumVisualStudioVersion = 10.0.40219.1
Project("{9A19103F-16F7-4668-BE54-9A1E7A4F7556}") = "leet", "leet.csproj", "{CDA09A1E-4A85-445C-98DE-D2A5E7D720B7}"
EndProject
Global
	GlobalSection(SolutionConfigurationPlatforms) = preSolution
		Debug|Any CPU = Debug|Any CPU
		Release|Any CPU = Release|Any CPU
	EndGlobalSection
	GlobalSection(ProjectConfigurationPlatforms) = postSolution
		{CDA09A1E-4A85-445C-98DE-D2A5E7D720B7}.Debug|Any CPU.ActiveCfg = Debug|Any CPU
		{CDA09A1E-4A85-445C-98DE-D2A5E7D720B7}.Debug|Any CPU.Build.0 = Debug|Any CPU
		{CDA09A1E-4A85-445C-98DE-D2A5E7D720B7}.Release|Any CPU.ActiveCfg = Release|Any CPU
		{CDA09A1E-4A85-445C-98DE-D2A5E7D720B7}.Release|Any CPU.Build.0 = Release|Any CPU
	EndGlobalSection
	GlobalSection(SolutionProperties) = preSolution
		HideSolutionNode = FALSE
	EndGlobalSection
	GlobalSection(ExtensibilityGlobals) = postSolution
		SolutionGuid = {8957F9C4-9E64-4056-A671-81ABE5997465}
	EndGlobalSection
EndGlobal
